
Microsoft Visual Studio Solution File, Format Version 12.00
# Visual Studio 14
VisualStudioVersion = 14.0.25123.0
MinimumVisualStudioVersion = 10.0.40219.1
Project("{FAE04EC0-301F-11D3-BF4B-00C04F79EFBC}") = "small_n_stats_DEMAND", "small_n_stats_WPF\small_n_stats_DEMAND.csproj", "{E61CE02D-3AC6-4709-B6C4-6EF7B9328ADA}"
EndProject
Global
	GlobalSection(SolutionConfigurationPlatforms) = preSolution
		Debug|Any CPU = Debug|Any CPU
		Release|Any CPU = Release|Any CPU
	EndGlobalSection
	GlobalSection(ProjectConfigurationPlatforms) = postSolution
		{E61CE02D-3AC6-4709-B6C4-6EF7B9328ADA}.Debug|Any CPU.ActiveCfg = Debug|Any CPU
		{E61CE02D-3AC6-4709-B6C4-6EF7B9328ADA}.Debug|Any CPU.Build.0 = Debug|Any CPU
		{E61CE02D-3AC6-4709-B6C4-6EF7B9328ADA}.Release|Any CPU.ActiveCfg = Release|Any CPU
		{E61CE02D-3AC6-4709-B6C4-6EF7B9328ADA}.Release|Any CPU.Build.0 = Release|Any CPU
	EndGlobalSection
	GlobalSection(SolutionProperties) = preSolution
		HideSolutionNode = FALSE
	EndGlobalSection
EndGlobal
